
Microsoft Visual Studio Solution File, Format Version 12.00
# Visual Studio Version 17
VisualStudioVersion = 17.5.33516.290
MinimumVisualStudioVersion = 10.0.40219.1
Project("{FAE04EC0-301F-11D3-BF4B-00C04F79EFBC}") = "Network Programming #1", "Network Programming #1\Network Programming #1.csproj", "{C486D152-DE8E-4BF0-956F-D8DE259D236E}"
EndProject
Project("{FAE04EC0-301F-11D3-BF4B-00C04F79EFBC}") = "Request App", "Request App\Request App.csproj", "{2D230085-93B2-411F-8DE1-1A3BDFF5A5A6}"
EndProject
Global
	GlobalSection(SolutionConfigurationPlatforms) = preSolution
		Debug|Any CPU = Debug|Any CPU
		Release|Any CPU = Release|Any CPU
	EndGlobalSection
	GlobalSection(ProjectConfigurationPlatforms) = postSolution
		{C486D152-DE8E-4BF0-956F-D8DE259D236E}.Debug|Any CPU.ActiveCfg = Debug|Any CPU
		{C486D152-DE8E-4BF0-956F-D8DE259D236E}.Debug|Any CPU.Build.0 = Debug|Any CPU
		{C486D152-DE8E-4BF0-956F-D8DE259D236E}.Release|Any CPU.ActiveCfg = Release|Any CPU
		{C486D152-DE8E-4BF0-956F-D8DE259D236E}.Release|Any CPU.Build.0 = Release|Any CPU
		{2D230085-93B2-411F-8DE1-1A3BDFF5A5A6}.Debug|Any CPU.ActiveCfg = Debug|Any CPU
		{2D230085-93B2-411F-8DE1-1A3BDFF5A5A6}.Debug|Any CPU.Build.0 = Debug|Any CPU
		{2D230085-93B2-411F-8DE1-1A3BDFF5A5A6}.Release|Any CPU.ActiveCfg = Release|Any CPU
		{2D230085-93B2-411F-8DE1-1A3BDFF5A5A6}.Release|Any CPU.Build.0 = Release|Any CPU
	EndGlobalSection
	GlobalSection(SolutionProperties) = preSolution
		HideSolutionNode = FALSE
	EndGlobalSection
	GlobalSection(ExtensibilityGlobals) = postSolution
		SolutionGuid = {741E1267-7A45-4C67-AACF-D57F20BC4C94}
	EndGlobalSection
EndGlobal
