
Microsoft Visual Studio Solution File, Format Version 12.00
# Visual Studio Version 17
VisualStudioVersion = 17.5.33516.290
MinimumVisualStudioVersion = 10.0.40219.1
Project("{FAE04EC0-301F-11D3-BF4B-00C04F79EFBC}") = "Async #1", "Async #1\Async #1.csproj", "{B8950C6D-6596-49E4-AC6F-587A90BD6434}"
EndProject
Global
	GlobalSection(SolutionConfigurationPlatforms) = preSolution
		Debug|Any CPU = Debug|Any CPU
		Release|Any CPU = Release|Any CPU
	EndGlobalSection
	GlobalSection(ProjectConfigurationPlatforms) = postSolution
		{B8950C6D-6596-49E4-AC6F-587A90BD6434}.Debug|Any CPU.ActiveCfg = Debug|Any CPU
		{B8950C6D-6596-49E4-AC6F-587A90BD6434}.Debug|Any CPU.Build.0 = Debug|Any CPU
		{B8950C6D-6596-49E4-AC6F-587A90BD6434}.Release|Any CPU.ActiveCfg = Release|Any CPU
		{B8950C6D-6596-49E4-AC6F-587A90BD6434}.Release|Any CPU.Build.0 = Release|Any CPU
	EndGlobalSection
	GlobalSection(SolutionProperties) = preSolution
		HideSolutionNode = FALSE
	EndGlobalSection
	GlobalSection(ExtensibilityGlobals) = postSolution
		SolutionGuid = {17EDF006-790E-49EA-AF76-6ED8C1417F1F}
	EndGlobalSection
EndGlobal
